// !$*UTF8*$!
{
	archiveVersion = 1;
	classes = {
	};
	objectVersion = 47;
	objects = {

/* Begin PBXBuildFile section */
		690C608F1D50ACF00090E471 /* URLConnectionHelper.swift in Sources */ = {isa = PBXBuildFile; fileRef = 690C608E1D50ACF00090E471 /* URLConnectionHelper.swift */; };
		690C60911D50B6760090E471 /* rest-trip-api.swift in Sources */ = {isa = PBXBuildFile; fileRef = 690C60901D50B6760090E471 /* rest-trip-api.swift */; };
		69A2BA4C1D4F438D007E463B /* AppDelegate.swift in Sources */ = {isa = PBXBuildFile; fileRef = 69A2BA4B1D4F438D007E463B /* AppDelegate.swift */; };
		69A2BA4E1D4F438D007E463B /* ViewController.swift in Sources */ = {isa = PBXBuildFile; fileRef = 69A2BA4D1D4F438D007E463B /* ViewController.swift */; };
		69A2BA531D4F438D007E463B /* Assets.xcassets in Resources */ = {isa = PBXBuildFile; fileRef = 69A2BA521D4F438D007E463B /* Assets.xcassets */; };
		69A2BA561D4F438D007E463B /* LaunchScreen.storyboard in Resources */ = {isa = PBXBuildFile; fileRef = 69A2BA541D4F438D007E463B /* LaunchScreen.storyboard */; };
		69A2BA611D4F438D007E463B /* rest_tripTests.swift in Sources */ = {isa = PBXBuildFile; fileRef = 69A2BA601D4F438D007E463B /* rest_tripTests.swift */; };
		69A2BA6C1D4F438D007E463B /* rest_tripUITests.swift in Sources */ = {isa = PBXBuildFile; fileRef = 69A2BA6B1D4F438D007E463B /* rest_tripUITests.swift */; };
		69A2BA7A1D4F64FA007E463B /* menuViewController.swift in Sources */ = {isa = PBXBuildFile; fileRef = 69A2BA791D4F64FA007E463B /* menuViewController.swift */; };
		69A2BA7C1D4F6538007E463B /* appartmentsViewController.swift in Sources */ = {isa = PBXBuildFile; fileRef = 69A2BA7B1D4F6538007E463B /* appartmentsViewController.swift */; };
		69A2BA7E1D4F6568007E463B /* appartmentDetailsViewController.swift in Sources */ = {isa = PBXBuildFile; fileRef = 69A2BA7D1D4F6568007E463B /* appartmentDetailsViewController.swift */; };
		69A2BA811D4F6BD1007E463B /* Main.storyboard in Resources */ = {isa = PBXBuildFile; fileRef = 69A2BA7F1D4F6BD1007E463B /* Main.storyboard */; };
		69A2BA831D4F6DF4007E463B /* appartmentTableViewCell.swift in Sources */ = {isa = PBXBuildFile; fileRef = 69A2BA821D4F6DF4007E463B /* appartmentTableViewCell.swift */; };
		69A2BA861D4FAB87007E463B /* Model.xcdatamodeld in Sources */ = {isa = PBXBuildFile; fileRef = 69A2BA841D4FAB87007E463B /* Model.xcdatamodeld */; };
		69A2BA8B1D4FB94F007E463B /* Cities+CoreDataProperties.swift in Sources */ = {isa = PBXBuildFile; fileRef = 69A2BA871D4FB94F007E463B /* Cities+CoreDataProperties.swift */; };
		69A2BA8C1D4FB94F007E463B /* Cities.swift in Sources */ = {isa = PBXBuildFile; fileRef = 69A2BA881D4FB94F007E463B /* Cities.swift */; };
		69A2BA8D1D4FB94F007E463B /* Appartment+CoreDataProperties.swift in Sources */ = {isa = PBXBuildFile; fileRef = 69A2BA891D4FB94F007E463B /* Appartment+CoreDataProperties.swift */; };
		69A2BA8E1D4FB94F007E463B /* Appartment.swift in Sources */ = {isa = PBXBuildFile; fileRef = 69A2BA8A1D4FB94F007E463B /* Appartment.swift */; };
		69A2BA911D4FBA0B007E463B /* CoreDataHelper.swift in Sources */ = {isa = PBXBuildFile; fileRef = 69A2BA901D4FBA0B007E463B /* CoreDataHelper.swift */; };
/* End PBXBuildFile section */

/* Begin PBXContainerItemProxy section */
		69A2BA5D1D4F438D007E463B /* PBXContainerItemProxy */ = {
			isa = PBXContainerItemProxy;
			containerPortal = 69A2BA401D4F438D007E463B /* Project object */;
			proxyType = 1;
			remoteGlobalIDString = 69A2BA471D4F438D007E463B;
			remoteInfo = "rest-trip";
		};
		69A2BA681D4F438D007E463B /* PBXContainerItemProxy */ = {
			isa = PBXContainerItemProxy;
			containerPortal = 69A2BA401D4F438D007E463B /* Project object */;
			proxyType = 1;
			remoteGlobalIDString = 69A2BA471D4F438D007E463B;
			remoteInfo = "rest-trip";
		};
/* End PBXContainerItemProxy section */

/* Begin PBXFileReference section */
		690C608E1D50ACF00090E471 /* URLConnectionHelper.swift */ = {isa = PBXFileReference; fileEncoding = 4; lastKnownFileType = sourcecode.swift; path = URLConnectionHelper.swift; sourceTree = "<group>"; };
		690C60901D50B6760090E471 /* rest-trip-api.swift */ = {isa = PBXFileReference; fileEncoding = 4; lastKnownFileType = sourcecode.swift; path = "rest-trip-api.swift"; sourceTree = "<group>"; };
		69A2BA481D4F438D007E463B /* rest-trip.app */ = {isa = PBXFileReference; explicitFileType = wrapper.application; includeInIndex = 0; path = "rest-trip.app"; sourceTree = BUILT_PRODUCTS_DIR; };
		69A2BA4B1D4F438D007E463B /* AppDelegate.swift */ = {isa = PBXFileReference; lastKnownFileType = sourcecode.swift; path = AppDelegate.swift; sourceTree = "<group>"; };
		69A2BA4D1D4F438D007E463B /* ViewController.swift */ = {isa = PBXFileReference; lastKnownFileType = sourcecode.swift; path = ViewController.swift; sourceTree = "<group>"; };
		69A2BA521D4F438D007E463B /* Assets.xcassets */ = {isa = PBXFileReference; lastKnownFileType = folder.assetcatalog; path = Assets.xcassets; sourceTree = "<group>"; };
		69A2BA551D4F438D007E463B /* Base */ = {isa = PBXFileReference; lastKnownFileType = file.storyboard; name = Base; path = Base.lproj/LaunchScreen.storyboard; sourceTree = "<group>"; };
		69A2BA571D4F438D007E463B /* Info.plist */ = {isa = PBXFileReference; lastKnownFileType = text.plist.xml; path = Info.plist; sourceTree = "<group>"; };
		69A2BA5C1D4F438D007E463B /* rest-tripTests.xctest */ = {isa = PBXFileReference; explicitFileType = wrapper.cfbundle; includeInIndex = 0; path = "rest-tripTests.xctest"; sourceTree = BUILT_PRODUCTS_DIR; };
		69A2BA601D4F438D007E463B /* rest_tripTests.swift */ = {isa = PBXFileReference; lastKnownFileType = sourcecode.swift; path = rest_tripTests.swift; sourceTree = "<group>"; };
		69A2BA621D4F438D007E463B /* Info.plist */ = {isa = PBXFileReference; lastKnownFileType = text.plist.xml; path = Info.plist; sourceTree = "<group>"; };
		69A2BA671D4F438D007E463B /* rest-tripUITests.xctest */ = {isa = PBXFileReference; explicitFileType = wrapper.cfbundle; includeInIndex = 0; path = "rest-tripUITests.xctest"; sourceTree = BUILT_PRODUCTS_DIR; };
		69A2BA6B1D4F438D007E463B /* rest_tripUITests.swift */ = {isa = PBXFileReference; lastKnownFileType = sourcecode.swift; path = rest_tripUITests.swift; sourceTree = "<group>"; };
		69A2BA6D1D4F438D007E463B /* Info.plist */ = {isa = PBXFileReference; lastKnownFileType = text.plist.xml; path = Info.plist; sourceTree = "<group>"; };
		69A2BA791D4F64FA007E463B /* menuViewController.swift */ = {isa = PBXFileReference; fileEncoding = 4; lastKnownFileType = sourcecode.swift; path = menuViewController.swift; sourceTree = "<group>"; };
		69A2BA7B1D4F6538007E463B /* appartmentsViewController.swift */ = {isa = PBXFileReference; fileEncoding = 4; lastKnownFileType = sourcecode.swift; path = appartmentsViewController.swift; sourceTree = "<group>"; };
		69A2BA7D1D4F6568007E463B /* appartmentDetailsViewController.swift */ = {isa = PBXFileReference; fileEncoding = 4; lastKnownFileType = sourcecode.swift; path = appartmentDetailsViewController.swift; sourceTree = "<group>"; };
		69A2BA801D4F6BD1007E463B /* Base */ = {isa = PBXFileReference; lastKnownFileType = file.storyboard; name = Base; path = Base.lproj/Main.storyboard; sourceTree = "<group>"; };
		69A2BA821D4F6DF4007E463B /* appartmentTableViewCell.swift */ = {isa = PBXFileReference; fileEncoding = 4; lastKnownFileType = sourcecode.swift; path = appartmentTableViewCell.swift; sourceTree = "<group>"; };
		69A2BA851D4FAB87007E463B /* Model.xcdatamodel */ = {isa = PBXFileReference; lastKnownFileType = wrapper.xcdatamodel; path = Model.xcdatamodel; sourceTree = "<group>"; };
		69A2BA871D4FB94F007E463B /* Cities+CoreDataProperties.swift */ = {isa = PBXFileReference; fileEncoding = 4; lastKnownFileType = sourcecode.swift; path = "Cities+CoreDataProperties.swift"; sourceTree = "<group>"; };
		69A2BA881D4FB94F007E463B /* Cities.swift */ = {isa = PBXFileReference; fileEncoding = 4; lastKnownFileType = sourcecode.swift; path = Cities.swift; sourceTree = "<group>"; };
		69A2BA891D4FB94F007E463B /* Appartment+CoreDataProperties.swift */ = {isa = PBXFileReference; fileEncoding = 4; lastKnownFileType = sourcecode.swift; path = "Appartment+CoreDataProperties.swift"; sourceTree = "<group>"; };
		69A2BA8A1D4FB94F007E463B /* Appartment.swift */ = {isa = PBXFileReference; fileEncoding = 4; lastKnownFileType = sourcecode.swift; path = Appartment.swift; sourceTree = "<group>"; };
		69A2BA901D4FBA0B007E463B /* CoreDataHelper.swift */ = {isa = PBXFileReference; fileEncoding = 4; lastKnownFileType = sourcecode.swift; path = CoreDataHelper.swift; sourceTree = "<group>"; };
/* End PBXFileReference section */

/* Begin PBXFrameworksBuildPhase section */
		69A2BA451D4F438D007E463B /* Frameworks */ = {
			isa = PBXFrameworksBuildPhase;
			buildActionMask = 2147483647;
			files = (
			);
			runOnlyForDeploymentPostprocessing = 0;
		};
		69A2BA591D4F438D007E463B /* Frameworks */ = {
			isa = PBXFrameworksBuildPhase;
			buildActionMask = 2147483647;
			files = (
			);
			runOnlyForDeploymentPostprocessing = 0;
		};
		69A2BA641D4F438D007E463B /* Frameworks */ = {
			isa = PBXFrameworksBuildPhase;
			buildActionMask = 2147483647;
			files = (
			);
			runOnlyForDeploymentPostprocessing = 0;
		};
/* End PBXFrameworksBuildPhase section */

/* Begin PBXGroup section */
		69A2BA3F1D4F438D007E463B = {
			isa = PBXGroup;
			children = (
				690C60901D50B6760090E471 /* rest-trip-api.swift */,
				690C608E1D50ACF00090E471 /* URLConnectionHelper.swift */,
				69A2BA8F1D4FB970007E463B /* CoreDataClasses */,
				69A2BA4A1D4F438D007E463B /* rest-trip */,
				69A2BA5F1D4F438D007E463B /* rest-tripTests */,
				69A2BA6A1D4F438D007E463B /* rest-tripUITests */,
				69A2BA491D4F438D007E463B /* Products */,
			);
			sourceTree = "<group>";
			usesTabs = 0;
		};
		69A2BA491D4F438D007E463B /* Products */ = {
			isa = PBXGroup;
			children = (
				69A2BA481D4F438D007E463B /* rest-trip.app */,
				69A2BA5C1D4F438D007E463B /* rest-tripTests.xctest */,
				69A2BA671D4F438D007E463B /* rest-tripUITests.xctest */,
			);
			name = Products;
			sourceTree = "<group>";
		};
		69A2BA4A1D4F438D007E463B /* rest-trip */ = {
			isa = PBXGroup;
			children = (
				69A2BA7F1D4F6BD1007E463B /* Main.storyboard */,
				69A2BA4B1D4F438D007E463B /* AppDelegate.swift */,
				69A2BA4D1D4F438D007E463B /* ViewController.swift */,
				69A2BA521D4F438D007E463B /* Assets.xcassets */,
				69A2BA541D4F438D007E463B /* LaunchScreen.storyboard */,
				69A2BA571D4F438D007E463B /* Info.plist */,
				69A2BA791D4F64FA007E463B /* menuViewController.swift */,
				69A2BA7B1D4F6538007E463B /* appartmentsViewController.swift */,
				69A2BA7D1D4F6568007E463B /* appartmentDetailsViewController.swift */,
				69A2BA821D4F6DF4007E463B /* appartmentTableViewCell.swift */,
				69A2BA841D4FAB87007E463B /* Model.xcdatamodeld */,
			);
			path = "rest-trip";
			sourceTree = "<group>";
		};
		69A2BA5F1D4F438D007E463B /* rest-tripTests */ = {
			isa = PBXGroup;
			children = (
				69A2BA601D4F438D007E463B /* rest_tripTests.swift */,
				69A2BA621D4F438D007E463B /* Info.plist */,
			);
			path = "rest-tripTests";
			sourceTree = "<group>";
		};
		69A2BA6A1D4F438D007E463B /* rest-tripUITests */ = {
			isa = PBXGroup;
			children = (
				69A2BA6B1D4F438D007E463B /* rest_tripUITests.swift */,
				69A2BA6D1D4F438D007E463B /* Info.plist */,
			);
			path = "rest-tripUITests";
			sourceTree = "<group>";
		};
		69A2BA8F1D4FB970007E463B /* CoreDataClasses */ = {
			isa = PBXGroup;
			children = (
				69A2BA871D4FB94F007E463B /* Cities+CoreDataProperties.swift */,
				69A2BA881D4FB94F007E463B /* Cities.swift */,
				69A2BA891D4FB94F007E463B /* Appartment+CoreDataProperties.swift */,
				69A2BA8A1D4FB94F007E463B /* Appartment.swift */,
				69A2BA901D4FBA0B007E463B /* CoreDataHelper.swift */,
			);
			name = CoreDataClasses;
			sourceTree = "<group>";
		};
/* End PBXGroup section */

/* Begin PBXNativeTarget section */
		69A2BA471D4F438D007E463B /* rest-trip */ = {
			isa = PBXNativeTarget;
			buildConfigurationList = 69A2BA701D4F438D007E463B /* Build configuration list for PBXNativeTarget "rest-trip" */;
			buildPhases = (
				69A2BA441D4F438D007E463B /* Sources */,
				69A2BA451D4F438D007E463B /* Frameworks */,
				69A2BA461D4F438D007E463B /* Resources */,
			);
			buildRules = (
			);
			dependencies = (
			);
			name = "rest-trip";
			productName = "rest-trip";
			productReference = 69A2BA481D4F438D007E463B /* rest-trip.app */;
			productType = "com.apple.product-type.application";
		};
		69A2BA5B1D4F438D007E463B /* rest-tripTests */ = {
			isa = PBXNativeTarget;
			buildConfigurationList = 69A2BA731D4F438D007E463B /* Build configuration list for PBXNativeTarget "rest-tripTests" */;
			buildPhases = (
				69A2BA581D4F438D007E463B /* Sources */,
				69A2BA591D4F438D007E463B /* Frameworks */,
				69A2BA5A1D4F438D007E463B /* Resources */,
			);
			buildRules = (
			);
			dependencies = (
				69A2BA5E1D4F438D007E463B /* PBXTargetDependency */,
			);
			name = "rest-tripTests";
			productName = "rest-tripTests";
			productReference = 69A2BA5C1D4F438D007E463B /* rest-tripTests.xctest */;
			productType = "com.apple.product-type.bundle.unit-test";
		};
		69A2BA661D4F438D007E463B /* rest-tripUITests */ = {
			isa = PBXNativeTarget;
			buildConfigurationList = 69A2BA761D4F438D007E463B /* Build configuration list for PBXNativeTarget "rest-tripUITests" */;
			buildPhases = (
				69A2BA631D4F438D007E463B /* Sources */,
				69A2BA641D4F438D007E463B /* Frameworks */,
				69A2BA651D4F438D007E463B /* Resources */,
			);
			buildRules = (
			);
			dependencies = (
				69A2BA691D4F438D007E463B /* PBXTargetDependency */,
			);
			name = "rest-tripUITests";
			productName = "rest-tripUITests";
			productReference = 69A2BA671D4F438D007E463B /* rest-tripUITests.xctest */;
			productType = "com.apple.product-type.bundle.ui-testing";
		};
/* End PBXNativeTarget section */

/* Begin PBXProject section */
		69A2BA401D4F438D007E463B /* Project object */ = {
			isa = PBXProject;
			attributes = {
				LastSwiftUpdateCheck = 0720;
				LastUpgradeCheck = 0720;
				ORGANIZATIONNAME = nelex;
				TargetAttributes = {
					69A2BA471D4F438D007E463B = {
						CreatedOnToolsVersion = 7.2.1;
					};
					69A2BA5B1D4F438D007E463B = {
						CreatedOnToolsVersion = 7.2.1;
						TestTargetID = 69A2BA471D4F438D007E463B;
					};
					69A2BA661D4F438D007E463B = {
						CreatedOnToolsVersion = 7.2.1;
						TestTargetID = 69A2BA471D4F438D007E463B;
					};
				};
			};
			buildConfigurationList = 69A2BA431D4F438D007E463B /* Build configuration list for PBXProject "rest-trip" */;
			compatibilityVersion = "Xcode 6.3";
			developmentRegion = English;
			hasScannedForEncodings = 0;
			knownRegions = (
				en,
				Base,
			);
			mainGroup = 69A2BA3F1D4F438D007E463B;
			productRefGroup = 69A2BA491D4F438D007E463B /* Products */;
			projectDirPath = "";
			projectRoot = "";
			targets = (
				69A2BA471D4F438D007E463B /* rest-trip */,
				69A2BA5B1D4F438D007E463B /* rest-tripTests */,
				69A2BA661D4F438D007E463B /* rest-tripUITests */,
			);
		};
/* End PBXProject section */

/* Begin PBXResourcesBuildPhase section */
		69A2BA461D4F438D007E463B /* Resources */ = {
			isa = PBXResourcesBuildPhase;
			buildActionMask = 2147483647;
			files = (
				69A2BA811D4F6BD1007E463B /* Main.storyboard in Resources */,
				69A2BA561D4F438D007E463B /* LaunchScreen.storyboard in Resources */,
				69A2BA531D4F438D007E463B /* Assets.xcassets in Resources */,
			);
			runOnlyForDeploymentPostprocessing = 0;
		};
		69A2BA5A1D4F438D007E463B /* Resources */ = {
			isa = PBXResourcesBuildPhase;
			buildActionMask = 2147483647;
			files = (
			);
			runOnlyForDeploymentPostprocessing = 0;
		};
		69A2BA651D4F438D007E463B /* Resources */ = {
			isa = PBXResourcesBuildPhase;
			buildActionMask = 2147483647;
			files = (
			);
			runOnlyForDeploymentPostprocessing = 0;
		};
/* End PBXResourcesBuildPhase section */

/* Begin PBXSourcesBuildPhase section */
		69A2BA441D4F438D007E463B /* Sources */ = {
			isa = PBXSourcesBuildPhase;
			buildActionMask = 2147483647;
			files = (
				690C608F1D50ACF00090E471 /* URLConnectionHelper.swift in Sources */,
				690C60911D50B6760090E471 /* rest-trip-api.swift in Sources */,
				69A2BA7C1D4F6538007E463B /* appartmentsViewController.swift in Sources */,
				69A2BA7A1D4F64FA007E463B /* menuViewController.swift in Sources */,
				69A2BA8E1D4FB94F007E463B /* Appartment.swift in Sources */,
				69A2BA7E1D4F6568007E463B /* appartmentDetailsViewController.swift in Sources */,
				69A2BA8D1D4FB94F007E463B /* Appartment+CoreDataProperties.swift in Sources */,
				69A2BA861D4FAB87007E463B /* Model.xcdatamodeld in Sources */,
				69A2BA911D4FBA0B007E463B /* CoreDataHelper.swift in Sources */,
				69A2BA4E1D4F438D007E463B /* ViewController.swift in Sources */,
				69A2BA4C1D4F438D007E463B /* AppDelegate.swift in Sources */,
				69A2BA8C1D4FB94F007E463B /* Cities.swift in Sources */,
				69A2BA8B1D4FB94F007E463B /* Cities+CoreDataProperties.swift in Sources */,
				69A2BA831D4F6DF4007E463B /* appartmentTableViewCell.swift in Sources */,
			);
			runOnlyForDeploymentPostprocessing = 0;
		};
		69A2BA581D4F438D007E463B /* Sources */ = {
			isa = PBXSourcesBuildPhase;
			buildActionMask = 2147483647;
			files = (
				69A2BA611D4F438D007E463B /* rest_tripTests.swift in Sources */,
			);
			runOnlyForDeploymentPostprocessing = 0;
		};
		69A2BA631D4F438D007E463B /* Sources */ = {
			isa = PBXSourcesBuildPhase;
			buildActionMask = 2147483647;
			files = (
				69A2BA6C1D4F438D007E463B /* rest_tripUITests.swift in Sources */,
			);
			runOnlyForDeploymentPostprocessing = 0;
		};
/* End PBXSourcesBuildPhase section */

/* Begin PBXTargetDependency section */
		69A2BA5E1D4F438D007E463B /* PBXTargetDependency */ = {
			isa = PBXTargetDependency;
			target = 69A2BA471D4F438D007E463B /* rest-trip */;
			targetProxy = 69A2BA5D1D4F438D007E463B /* PBXContainerItemProxy */;
		};
		69A2BA691D4F438D007E463B /* PBXTargetDependency */ = {
			isa = PBXTargetDependency;
			target = 69A2BA471D4F438D007E463B /* rest-trip */;
			targetProxy = 69A2BA681D4F438D007E463B /* PBXContainerItemProxy */;
		};
/* End PBXTargetDependency section */

/* Begin PBXVariantGroup section */
		69A2BA541D4F438D007E463B /* LaunchScreen.storyboard */ = {
			isa = PBXVariantGroup;
			children = (
				69A2BA551D4F438D007E463B /* Base */,
			);
			name = LaunchScreen.storyboard;
			sourceTree = "<group>";
		};
		69A2BA7F1D4F6BD1007E463B /* Main.storyboard */ = {
			isa = PBXVariantGroup;
			children = (
				69A2BA801D4F6BD1007E463B /* Base */,
			);
			name = Main.storyboard;
			sourceTree = "<group>";
		};
/* End PBXVariantGroup section */

/* Begin XCBuildConfiguration section */
		69A2BA6E1D4F438D007E463B /* Debug */ = {
			isa = XCBuildConfiguration;
			buildSettings = {
				ALWAYS_SEARCH_USER_PATHS = NO;
				CLANG_CXX_LANGUAGE_STANDARD = "gnu++0x";
				CLANG_CXX_LIBRARY = "libc++";
				CLANG_ENABLE_MODULES = YES;
				CLANG_ENABLE_OBJC_ARC = YES;
				CLANG_WARN_BOOL_CONVERSION = YES;
				CLANG_WARN_CONSTANT_CONVERSION = YES;
				CLANG_WARN_DIRECT_OBJC_ISA_USAGE = YES_ERROR;
				CLANG_WARN_EMPTY_BODY = YES;
				CLANG_WARN_ENUM_CONVERSION = YES;
				CLANG_WARN_INT_CONVERSION = YES;
				CLANG_WARN_OBJC_ROOT_CLASS = YES_ERROR;
				CLANG_WARN_UNREACHABLE_CODE = YES;
				CLANG_WARN__DUPLICATE_METHOD_MATCH = YES;
				"CODE_SIGN_IDENTITY[sdk=iphoneos*]" = "iPhone Developer";
				COPY_PHASE_STRIP = NO;
				DEBUG_INFORMATION_FORMAT = dwarf;
				ENABLE_STRICT_OBJC_MSGSEND = YES;
				ENABLE_TESTABILITY = YES;
				GCC_C_LANGUAGE_STANDARD = gnu99;
				GCC_DYNAMIC_NO_PIC = NO;
				GCC_NO_COMMON_BLOCKS = YES;
				GCC_OPTIMIZATION_LEVEL = 0;
				GCC_PREPROCESSOR_DEFINITIONS = (
					"DEBUG=1",
					"$(inherited)",
				);
				GCC_WARN_64_TO_32_BIT_CONVERSION = YES;
				GCC_WARN_ABOUT_RETURN_TYPE = YES_ERROR;
				GCC_WARN_UNDECLARED_SELECTOR = YES;
				GCC_WARN_UNINITIALIZED_AUTOS = YES_AGGRESSIVE;
				GCC_WARN_UNUSED_FUNCTION = YES;
				GCC_WARN_UNUSED_VARIABLE = YES;
				IPHONEOS_DEPLOYMENT_TARGET = 9.2;
				MTL_ENABLE_DEBUG_INFO = YES;
				ONLY_ACTIVE_ARCH = YES;
				SDKROOT = iphoneos;
				SWIFT_OPTIMIZATION_LEVEL = "-Onone";
			};
			name = Debug;
		};
		69A2BA6F1D4F438D007E463B /* Release */ = {
			isa = XCBuildConfiguration;
			buildSettings = {
				ALWAYS_SEARCH_USER_PATHS = NO;
				CLANG_CXX_LANGUAGE_STANDARD = "gnu++0x";
				CLANG_CXX_LIBRARY = "libc++";
				CLANG_ENABLE_MODULES = YES;
				CLANG_ENABLE_OBJC_ARC = YES;
				CLANG_WARN_BOOL_CONVERSION = YES;
				CLANG_WARN_CONSTANT_CONVERSION = YES;
				CLANG_WARN_DIRECT_OBJC_ISA_USAGE = YES_ERROR;
				CLANG_WARN_EMPTY_BODY = YES;
				CLANG_WARN_ENUM_CONVERSION = YES;
				CLANG_WARN_INT_CONVERSION = YES;
				CLANG_WARN_OBJC_ROOT_CLASS = YES_ERROR;
				CLANG_WARN_UNREACHABLE_CODE = YES;
				CLANG_WARN__DUPLICATE_METHOD_MATCH = YES;
				"CODE_SIGN_IDENTITY[sdk=iphoneos*]" = "iPhone Developer";
				COPY_PHASE_STRIP = NO;
				DEBUG_INFORMATION_FORMAT = "dwarf-with-dsym";
				ENABLE_NS_ASSERTIONS = NO;
				ENABLE_STRICT_OBJC_MSGSEND = YES;
				GCC_C_LANGUAGE_STANDARD = gnu99;
				GCC_NO_COMMON_BLOCKS = YES;
				GCC_WARN_64_TO_32_BIT_CONVERSION = YES;
				GCC_WARN_ABOUT_RETURN_TYPE = YES_ERROR;
				GCC_WARN_UNDECLARED_SELECTOR = YES;
				GCC_WARN_UNINITIALIZED_AUTOS = YES_AGGRESSIVE;
				GCC_WARN_UNUSED_FUNCTION = YES;
				GCC_WARN_UNUSED_VARIABLE = YES;
				IPHONEOS_DEPLOYMENT_TARGET = 9.2;
				MTL_ENABLE_DEBUG_INFO = NO;
				SDKROOT = iphoneos;
				VALIDATE_PRODUCT = YES;
			};
			name = Release;
		};
		69A2BA711D4F438D007E463B /* Debug */ = {
			isa = XCBuildConfiguration;
			buildSettings = {
				ASSETCATALOG_COMPILER_APPICON_NAME = AppIcon;
				INFOPLIST_FILE = "rest-trip/Info.plist";
				LD_RUNPATH_SEARCH_PATHS = "$(inherited) @executable_path/Frameworks";
				PRODUCT_BUNDLE_IDENTIFIER = "com.nelex.rest-trip";
				PRODUCT_NAME = "$(TARGET_NAME)";
			};
			name = Debug;
		};
		69A2BA721D4F438D007E463B /* Release */ = {
			isa = XCBuildConfiguration;
			buildSettings = {
				ASSETCATALOG_COMPILER_APPICON_NAME = AppIcon;
				INFOPLIST_FILE = "rest-trip/Info.plist";
				LD_RUNPATH_SEARCH_PATHS = "$(inherited) @executable_path/Frameworks";
				PRODUCT_BUNDLE_IDENTIFIER = "com.nelex.rest-trip";
				PRODUCT_NAME = "$(TARGET_NAME)";
			};
			name = Release;
		};
		69A2BA741D4F438D007E463B /* Debug */ = {
			isa = XCBuildConfiguration;
			buildSettings = {
				BUNDLE_LOADER = "$(TEST_HOST)";
				INFOPLIST_FILE = "rest-tripTests/Info.plist";
				LD_RUNPATH_SEARCH_PATHS = "$(inherited) @executable_path/Frameworks @loader_path/Frameworks";
				PRODUCT_BUNDLE_IDENTIFIER = "com.nelex.rest-tripTests";
				PRODUCT_NAME = "$(TARGET_NAME)";
				TEST_HOST = "$(BUILT_PRODUCTS_DIR)/rest-trip.app/rest-trip";
			};
			name = Debug;
		};
		69A2BA751D4F438D007E463B /* Release */ = {
			isa = XCBuildConfiguration;
			buildSettings = {
				BUNDLE_LOADER = "$(TEST_HOST)";
				INFOPLIST_FILE = "rest-tripTests/Info.plist";
				LD_RUNPATH_SEARCH_PATHS = "$(inherited) @executable_path/Frameworks @loader_path/Frameworks";
				PRODUCT_BUNDLE_IDENTIFIER = "com.nelex.rest-tripTests";
				PRODUCT_NAME = "$(TARGET_NAME)";
				TEST_HOST = "$(BUILT_PRODUCTS_DIR)/rest-trip.app/rest-trip";
			};
			name = Release;
		};
		69A2BA771D4F438D007E463B /* Debug */ = {
			isa = XCBuildConfiguration;
			buildSettings = {
				INFOPLIST_FILE = "rest-tripUITests/Info.plist";
				LD_RUNPATH_SEARCH_PATHS = "$(inherited) @executable_path/Frameworks @loader_path/Frameworks";
				PRODUCT_BUNDLE_IDENTIFIER = "com.nelex.rest-tripUITests";
				PRODUCT_NAME = "$(TARGET_NAME)";
				TEST_TARGET_NAME = "rest-trip";
				USES_XCTRUNNER = YES;
			};
			name = Debug;
		};
		69A2BA781D4F438D007E463B /* Release */ = {
			isa = XCBuildConfiguration;
			buildSettings = {
				INFOPLIST_FILE = "rest-tripUITests/Info.plist";
				LD_RUNPATH_SEARCH_PATHS = "$(inherited) @executable_path/Frameworks @loader_path/Frameworks";
				PRODUCT_BUNDLE_IDENTIFIER = "com.nelex.rest-tripUITests";
				PRODUCT_NAME = "$(TARGET_NAME)";
				TEST_TARGET_NAME = "rest-trip";
				USES_XCTRUNNER = YES;
			};
			name = Release;
		};
/* End XCBuildConfiguration section */

/* Begin XCConfigurationList section */
		69A2BA431D4F438D007E463B /* Build configuration list for PBXProject "rest-trip" */ = {
			isa = XCConfigurationList;
			buildConfigurations = (
				69A2BA6E1D4F438D007E463B /* Debug */,
				69A2BA6F1D4F438D007E463B /* Release */,
			);
			defaultConfigurationIsVisible = 0;
			defaultConfigurationName = Release;
		};
		69A2BA701D4F438D007E463B /* Build configuration list for PBXNativeTarget "rest-trip" */ = {
			isa = XCConfigurationList;
			buildConfigurations = (
				69A2BA711D4F438D007E463B /* Debug */,
				69A2BA721D4F438D007E463B /* Release */,
			);
			defaultConfigurationIsVisible = 0;
			defaultConfigurationName = Release;
		};
		69A2BA731D4F438D007E463B /* Build configuration list for PBXNativeTarget "rest-tripTests" */ = {
			isa = XCConfigurationList;
			buildConfigurations = (
				69A2BA741D4F438D007E463B /* Debug */,
				69A2BA751D4F438D007E463B /* Release */,
			);
			defaultConfigurationIsVisible = 0;
			defaultConfigurationName = Release;
		};
		69A2BA761D4F438D007E463B /* Build configuration list for PBXNativeTarget "rest-tripUITests" */ = {
			isa = XCConfigurationList;
			buildConfigurations = (
				69A2BA771D4F438D007E463B /* Debug */,
				69A2BA781D4F438D007E463B /* Release */,
			);
			defaultConfigurationIsVisible = 0;
			defaultConfigurationName = Release;
		};
/* End XCConfigurationList section */

/* Begin XCVersionGroup section */
		69A2BA841D4FAB87007E463B /* Model.xcdatamodeld */ = {
			isa = XCVersionGroup;
			children = (
				69A2BA851D4FAB87007E463B /* Model.xcdatamodel */,
			);
			currentVersion = 69A2BA851D4FAB87007E463B /* Model.xcdatamodel */;
			path = Model.xcdatamodeld;
			sourceTree = "<group>";
			versionGroupType = wrapper.xcdatamodel;
		};
/* End XCVersionGroup section */
	};
	rootObject = 69A2BA401D4F438D007E463B /* Project object */;
}
